<?xml version="1.0" encoding="UTF-8"?>
<Scheme
   LastUpgradeVersion = "2620"
   version = "1.7">
   <BuildAction
      parallelizeBuildables = "YES"
      buildImplicitDependencies = "YES"
      buildArchitectures = "Automatic">
      <BuildActionEntries>
         <BuildActionEntry
            buildForTesting = "YES"
            buildForRunning = "YES"
            buildForProfiling = "YES"
            buildForArchiving = "YES"
            buildForAnalyzing = "YES">
            <BuildableReference
               BuildableIdentifier = "primary"
               BlueprintIdentifier = "429FBCD92F0F971700419212"
               BuildableName = "Votra.app"
               BlueprintName = "Votra"
               ReferencedContainer = "container:Votra.xcodeproj">
            </BuildableReference>
         </BuildActionEntry>
      </BuildActionEntries>
   </BuildAction>
   <TestAction
      buildConfiguration = "Debug"
      selectedDebuggerIdentifier = "Xcode.DebuggerFoundation.Debugger.LLDB"
      selectedLauncherIdentifier = "Xcode.DebuggerFoundation.Launcher.LLDB"
      shouldUseLaunchSchemeArgsEnv = "YES">
      <Testables>
         <TestableReference
            skipped = "NO">
            <BuildableReference
               BuildableIdentifier = "primary"
               BlueprintIdentifier = "429FBCE82F0F971900419212"
               BuildableName = "VotraTests.xctest"
               BlueprintName = "VotraTests"
               ReferencedContainer = "container:Votra.xcodeproj">
            </BuildableReference>
            <SkippedTests>
               <Test
                  Identifier = "AudioCaptureServiceInitTests">
               </Test>
               <Test
                  Identifier = "AudioCaptureServiceMicrophoneSelectionTests">
               </Test>
               <Test
                  Identifier = "AudioCaptureServiceAudioSourceSelectionTests">
               </Test>
               <Test
                  Identifier = "AudioCaptureServiceStopCaptureTests">
               </Test>
               <Test
                  Identifier = "AudioCaptureServiceEnsureMicrophonesLoadedTests">
               </Test>
               <Test
                  Identifier = "AudioCaptureServiceRefreshAudioSourcesTests">
               </Test>
               <Test
                  Identifier = "AudioCaptureServiceProtocolConformanceTests">
               </Test>
               <Test
                  Identifier = "AudioCaptureServiceStateTypeTests">
               </Test>
               <Test
                  Identifier = "AudioCaptureServiceErrorTypeTests">
               </Test>
               <Test
                  Identifier = "AudioCaptureServiceAudioDeviceTypeTests">
               </Test>
               <Test
                  Identifier = "AudioCaptureServiceAudioPermissionStatusTypeTests">
               </Test>
               <Test
                  Identifier = "AudioCaptureServiceInternalClassesTests">
               </Test>
               <Test
                  Identifier = "AudioCaptureServiceObservableBehaviorTests">
               </Test>
               <Test
                  Identifier = "AudioCaptureServiceErrorDescriptionsTests">
               </Test>
               <Test
                  Identifier = "AudioCaptureServiceErrorRecoverySuggestionsTests">
               </Test>
               <Test
                  Identifier = "AudioCaptureServiceAudioDeviceEqualityTests">
               </Test>
               <Test
                  Identifier = "AudioCaptureServiceAudioDeviceHashableTests">
               </Test>
               <Test
                  Identifier = "AudioCaptureServicePermissionStatusCombinationsTests">
               </Test>
               <Test
                  Identifier = "AudioCaptureServiceStateEnumTests">
               </Test>
               <Test
                  Identifier = "AudioCaptureServiceMicrophoneAudioCaptureTests">
               </Test>
               <Test
                  Identifier = "AudioCaptureServiceSystemAudioCaptureTests">
               </Test>
               <Test
                  Identifier = "AudioCaptureServiceAudioSourceSelectionEdgeCasesTests">
               </Test>
               <Test
                  Identifier = "AudioCaptureServiceStateAfterOperationsTests">
               </Test>
               <Test
                  Identifier = "AudioCaptureServiceErrorUnderlyingTests">
               </Test>
               <Test
                  Identifier = "AudioCaptureServiceStreamHandlersTests">
               </Test>
               <Test
                  Identifier = "AudioCaptureServiceConfigurationTests">
               </Test>
               <Test
                  Identifier = "AudioCaptureServiceConcurrentAccessTests">
               </Test>
               <Test
                  Identifier = "AudioCaptureServicePermissionStateSendableTests">
               </Test>
               <Test
                  Identifier = "AudioCaptureErrorTests">
               </Test>
               <Test
                  Identifier = "AudioCaptureStateTests">
               </Test>
               <Test
                  Identifier = "AudioDeviceTests">
               </Test>
               <Test
                  Identifier = "AudioPermissionStatusTests">
               </Test>
               <Test
                  Identifier = "AudioCaptureServiceInitializationTests">
               </Test>
               <Test
                  Identifier = "AudioCaptureServiceStateManagementTests">
               </Test>
               <Test
                  Identifier = "MicrophoneAudioCaptureUnitTests">
               </Test>
               <Test
                  Identifier = "MicrophoneAudioCaptureActorIsolationTests">
               </Test>
               <Test
                  Identifier = "AudioSourceEnumTests">
               </Test>
               <Test
                  Identifier = "AudioStreamOutputHandlerTests">
               </Test>
               <Test
                  Identifier = "VideoStreamOutputHandlerTests">
               </Test>
               <Test
                  Identifier = "StreamDelegateTests">
               </Test>
               <Test
                  Identifier = "SystemAudioCaptureTests">
               </Test>
               <Test
                  Identifier = "EnsureMicrophonesLoadedTests">
               </Test>
               <Test
                  Identifier = "AudioSourceSelectionTests">
               </Test>
               <Test
                  Identifier = "SystemAudioCaptureConfigurationTests">
               </Test>
               <Test
                  Identifier = "SystemAudioCaptureSourceSelectionTests">
               </Test>
               <Test
                  Identifier = "SystemAudioCaptureIntegrationTests">
               </Test>
               <Test
                  Identifier = "SystemAudioCaptureStopSafetyTests">
               </Test>
               <Test
                  Identifier = "SystemAudioCaptureAlreadyActiveTests">
               </Test>
               <Test
                  Identifier = "SystemAudioSourceDisplayNameTests">
               </Test>
               <Test
                  Identifier = "SystemAudioSourceWindowLevelDetectionTests">
               </Test>
               <Test
                  Identifier = "AudioCaptureServiceSourceManagementTests">
               </Test>
               <Test
                  Identifier = "ScreenRecordingPermissionErrorTests">
               </Test>
               <Test
                  Identifier = "DeviceNotFoundErrorForSystemAudioTests">
               </Test>
               <Test
                  Identifier = "EngineStartFailedErrorSystemAudioTests">
               </Test>
               <Test
                  Identifier = "AudioStreamOutputHandlerInitTests">
               </Test>
               <Test
                  Identifier = "VideoStreamOutputHandlerPurposeTests">
               </Test>
               <Test
                  Identifier = "StreamDelegateErrorHandlingTests">
               </Test>
               <Test
                  Identifier = "ThreadSafetyForSystemAudioTypesTests">
               </Test>
               <Test
                  Identifier = "SpeechRecognitionServiceTests">
               </Test>
               <Test
                  Identifier = "SpeechSynthesisServiceTests">
               </Test>
            </SkippedTests>
         </TestableReference>
      </Testables>
   </TestAction>
   <LaunchAction
      buildConfiguration = "Debug"
      selectedDebuggerIdentifier = "Xcode.DebuggerFoundation.Debugger.LLDB"
      selectedLauncherIdentifier = "Xcode.DebuggerFoundation.Launcher.LLDB"
      launchStyle = "0"
      useCustomWorkingDirectory = "NO"
      ignoresPersistentStateOnLaunch = "NO"
      debugDocumentVersioning = "YES"
      debugServiceExtension = "internal"
      allowLocationSimulation = "YES">
      <BuildableProductRunnable
         runnableDebuggingMode = "0">
         <BuildableReference
            BuildableIdentifier = "primary"
            BlueprintIdentifier = "429FBCD92F0F971700419212"
            BuildableName = "Votra.app"
            BlueprintName = "Votra"
            ReferencedContainer = "container:Votra.xcodeproj">
         </BuildableReference>
      </BuildableProductRunnable>
   </LaunchAction>
   <ProfileAction
      buildConfiguration = "Release"
      shouldUseLaunchSchemeArgsEnv = "YES"
      savedToolIdentifier = ""
      useCustomWorkingDirectory = "NO"
      debugDocumentVersioning = "YES">
      <BuildableProductRunnable
         runnableDebuggingMode = "0">
         <BuildableReference
            BuildableIdentifier = "primary"
            BlueprintIdentifier = "429FBCD92F0F971700419212"
            BuildableName = "Votra.app"
            BlueprintName = "Votra"
            ReferencedContainer = "container:Votra.xcodeproj">
         </BuildableReference>
      </BuildableProductRunnable>
   </ProfileAction>
   <AnalyzeAction
      buildConfiguration = "Debug">
   </AnalyzeAction>
   <ArchiveAction
      buildConfiguration = "Release"
      revealArchiveInOrganizer = "YES">
   </ArchiveAction>
</Scheme>
